Microsoft Visual Studio Solution File, Format Version 12.00
# Visual Studio Version 17
VisualStudioVersion = 17.5.2.0
MinimumVisualStudioVersion = 10.0.40219.1
Project("{FAE04EC0-301F-11D3-BF4B-00C04F79EFBC}") = "zxc", "zxc.csproj", "{CFF58AE7-9204-1B03-27F0-0A8F4725F3DF}"
EndProject
Global
	GlobalSection(SolutionConfigurationPlatforms) = preSolution
		Debug|Any CPU = Debug|Any CPU
		Release|Any CPU = Release|Any CPU
	EndGlobalSection
	GlobalSection(ProjectConfigurationPlatforms) = postSolution
		{CFF58AE7-9204-1B03-27F0-0A8F4725F3DF}.Debug|Any CPU.ActiveCfg = Debug|Any CPU
		{CFF58AE7-9204-1B03-27F0-0A8F4725F3DF}.Debug|Any CPU.Build.0 = Debug|Any CPU
		{CFF58AE7-9204-1B03-27F0-0A8F4725F3DF}.Release|Any CPU.ActiveCfg = Release|Any CPU
		{CFF58AE7-9204-1B03-27F0-0A8F4725F3DF}.Release|Any CPU.Build.0 = Release|Any CPU
	EndGlobalSection
	GlobalSection(SolutionProperties) = preSolution
		HideSolutionNode = FALSE
	EndGlobalSection
	GlobalSection(ExtensibilityGlobals) = postSolution
		SolutionGuid = {FA3FE16C-4E51-47A9-9AAF-B23601938521}
	EndGlobalSection
EndGlobal
